
Microsoft Visual Studio Solution File, Format Version 12.00
Project("{FAE04EC0-301F-11D3-BF4B-00C04F79EFBC}") = "SortingAlgorithm", "SortingAlgorithm\SortingAlgorithm.csproj", "{53ECEFBB-6653-42FF-BCC1-45D0B5BCDDFC}"
EndProject
Global
	GlobalSection(SolutionConfigurationPlatforms) = preSolution
		Debug|Any CPU = Debug|Any CPU
		Release|Any CPU = Release|Any CPU
	EndGlobalSection
	GlobalSection(ProjectConfigurationPlatforms) = postSolution
		{53ECEFBB-6653-42FF-BCC1-45D0B5BCDDFC}.Debug|Any CPU.ActiveCfg = Debug|Any CPU
		{53ECEFBB-6653-42FF-BCC1-45D0B5BCDDFC}.Debug|Any CPU.Build.0 = Debug|Any CPU
		{53ECEFBB-6653-42FF-BCC1-45D0B5BCDDFC}.Release|Any CPU.ActiveCfg = Release|Any CPU
		{53ECEFBB-6653-42FF-BCC1-45D0B5BCDDFC}.Release|Any CPU.Build.0 = Release|Any CPU
	EndGlobalSection
EndGlobal
